
Microsoft Visual Studio Solution File, Format Version 12.00
# Visual Studio Version 17
VisualStudioVersion = 17.13.35806.99
MinimumVisualStudioVersion = 10.0.40219.1
Project("{FAE04EC0-301F-11D3-BF4B-00C04F79EFBC}") = "Soft", "CS2Hub\Soft.csproj", "{5F6917A9-7318-4A7B-BD7C-9D6BC2902BB7}"
EndProject
Project("{FAE04EC0-301F-11D3-BF4B-00C04F79EFBC}") = "Aids", "Aids\Aids.csproj", "{FC458814-42F8-4DE3-AE6A-94AFE9BE8418}"
EndProject
Project("{FAE04EC0-301F-11D3-BF4B-00C04F79EFBC}") = "Core", "Core\Core.csproj", "{3E6EF7A6-0950-4FA4-91E1-8BCB9EDBAD7A}"
EndProject
Project("{FAE04EC0-301F-11D3-BF4B-00C04F79EFBC}") = "Domain", "Domain\Domain.csproj", "{3C46FEE6-F0F5-4945-A3A6-A176D4A0FD3D}"
EndProject
Project("{FAE04EC0-301F-11D3-BF4B-00C04F79EFBC}") = "Data", "Data\Data.csproj", "{88F87C11-F60B-4532-9366-F1A8A4C8B71A}"
EndProject
Project("{FAE04EC0-301F-11D3-BF4B-00C04F79EFBC}") = "Infra", "Infra\Infra.csproj", "{0995E508-198A-4702-8CDC-4B3E9DF2189F}"
EndProject
Project("{FAE04EC0-301F-11D3-BF4B-00C04F79EFBC}") = "Facade", "Facade\Facade.csproj", "{77A997E9-E7E8-4763-B77E-6ACCEE0C9616}"
EndProject
Project("{FAE04EC0-301F-11D3-BF4B-00C04F79EFBC}") = "Tests", "Tests\Tests.csproj", "{44E95458-B7C4-422B-8705-FD0081207EE3}"
EndProject
Global
	GlobalSection(SolutionConfigurationPlatforms) = preSolution
		Debug|Any CPU = Debug|Any CPU
		Release|Any CPU = Release|Any CPU
	EndGlobalSection
	GlobalSection(ProjectConfigurationPlatforms) = postSolution
		{5F6917A9-7318-4A7B-BD7C-9D6BC2902BB7}.Debug|Any CPU.ActiveCfg = Debug|Any CPU
		{5F6917A9-7318-4A7B-BD7C-9D6BC2902BB7}.Debug|Any CPU.Build.0 = Debug|Any CPU
		{5F6917A9-7318-4A7B-BD7C-9D6BC2902BB7}.Release|Any CPU.ActiveCfg = Release|Any CPU
		{5F6917A9-7318-4A7B-BD7C-9D6BC2902BB7}.Release|Any CPU.Build.0 = Release|Any CPU
		{FC458814-42F8-4DE3-AE6A-94AFE9BE8418}.Debug|Any CPU.ActiveCfg = Debug|Any CPU
		{FC458814-42F8-4DE3-AE6A-94AFE9BE8418}.Debug|Any CPU.Build.0 = Debug|Any CPU
		{FC458814-42F8-4DE3-AE6A-94AFE9BE8418}.Release|Any CPU.ActiveCfg = Release|Any CPU
		{FC458814-42F8-4DE3-AE6A-94AFE9BE8418}.Release|Any CPU.Build.0 = Release|Any CPU
		{3E6EF7A6-0950-4FA4-91E1-8BCB9EDBAD7A}.Debug|Any CPU.ActiveCfg = Debug|Any CPU
		{3E6EF7A6-0950-4FA4-91E1-8BCB9EDBAD7A}.Debug|Any CPU.Build.0 = Debug|Any CPU
		{3E6EF7A6-0950-4FA4-91E1-8BCB9EDBAD7A}.Release|Any CPU.ActiveCfg = Release|Any CPU
		{3E6EF7A6-0950-4FA4-91E1-8BCB9EDBAD7A}.Release|Any CPU.Build.0 = Release|Any CPU
		{3C46FEE6-F0F5-4945-A3A6-A176D4A0FD3D}.Debug|Any CPU.ActiveCfg = Debug|Any CPU
		{3C46FEE6-F0F5-4945-A3A6-A176D4A0FD3D}.Debug|Any CPU.Build.0 = Debug|Any CPU
		{3C46FEE6-F0F5-4945-A3A6-A176D4A0FD3D}.Release|Any CPU.ActiveCfg = Release|Any CPU
		{3C46FEE6-F0F5-4945-A3A6-A176D4A0FD3D}.Release|Any CPU.Build.0 = Release|Any CPU
		{88F87C11-F60B-4532-9366-F1A8A4C8B71A}.Debug|Any CPU.ActiveCfg = Debug|Any CPU
		{88F87C11-F60B-4532-9366-F1A8A4C8B71A}.Debug|Any CPU.Build.0 = Debug|Any CPU
		{88F87C11-F60B-4532-9366-F1A8A4C8B71A}.Release|Any CPU.ActiveCfg = Release|Any CPU
		{88F87C11-F60B-4532-9366-F1A8A4C8B71A}.Release|Any CPU.Build.0 = Release|Any CPU
		{0995E508-198A-4702-8CDC-4B3E9DF2189F}.Debug|Any CPU.ActiveCfg = Debug|Any CPU
		{0995E508-198A-4702-8CDC-4B3E9DF2189F}.Debug|Any CPU.Build.0 = Debug|Any CPU
		{0995E508-198A-4702-8CDC-4B3E9DF2189F}.Release|Any CPU.ActiveCfg = Release|Any CPU
		{0995E508-198A-4702-8CDC-4B3E9DF2189F}.Release|Any CPU.Build.0 = Release|Any CPU
		{77A997E9-E7E8-4763-B77E-6ACCEE0C9616}.Debug|Any CPU.ActiveCfg = Debug|Any CPU
		{77A997E9-E7E8-4763-B77E-6ACCEE0C9616}.Debug|Any CPU.Build.0 = Debug|Any CPU
		{77A997E9-E7E8-4763-B77E-6ACCEE0C9616}.Release|Any CPU.ActiveCfg = Release|Any CPU
		{77A997E9-E7E8-4763-B77E-6ACCEE0C9616}.Release|Any CPU.Build.0 = Release|Any CPU
		{44E95458-B7C4-422B-8705-FD0081207EE3}.Debug|Any CPU.ActiveCfg = Debug|Any CPU
		{44E95458-B7C4-422B-8705-FD0081207EE3}.Debug|Any CPU.Build.0 = Debug|Any CPU
		{44E95458-B7C4-422B-8705-FD0081207EE3}.Release|Any CPU.ActiveCfg = Release|Any CPU
		{44E95458-B7C4-422B-8705-FD0081207EE3}.Release|Any CPU.Build.0 = Release|Any CPU
	EndGlobalSection
	GlobalSection(SolutionProperties) = preSolution
		HideSolutionNode = FALSE
	EndGlobalSection
	GlobalSection(ExtensibilityGlobals) = postSolution
		SolutionGuid = {7F7AB0CB-4E34-4AB5-A551-A54ED09B3EC7}
	EndGlobalSection
EndGlobal
